// !$*UTF8*$!
{
	archiveVersion = 1;
	classes = {
	};
	objectVersion = 50;
	objects = {

/* Begin PBXBuildFile section */
		5705D3992186A16C00CC5A60 /* NotificationManager.swift in Sources */ = {isa = PBXBuildFile; fileRef = 5705D3982186A16C00CC5A60 /* NotificationManager.swift */; };
		57589ACF216ADB1000CDEBB7 /* LocationUpdater.swift in Sources */ = {isa = PBXBuildFile; fileRef = 57589ACE216ADB1000CDEBB7 /* LocationUpdater.swift */; };
		57589AD1216ADB5C00CDEBB7 /* NetworkHelper.swift in Sources */ = {isa = PBXBuildFile; fileRef = 57589AD0216ADB5C00CDEBB7 /* NetworkHelper.swift */; };
		577666922130C6E300C25E00 /* AppDelegate.swift in Sources */ = {isa = PBXBuildFile; fileRef = 577666912130C6E300C25E00 /* AppDelegate.swift */; };
		577666942130C6E300C25E00 /* ViewController.swift in Sources */ = {isa = PBXBuildFile; fileRef = 577666932130C6E300C25E00 /* ViewController.swift */; };
		577666972130C6E300C25E00 /* Main.storyboard in Resources */ = {isa = PBXBuildFile; fileRef = 577666952130C6E300C25E00 /* Main.storyboard */; };
		577666992130C6E300C25E00 /* Assets.xcassets in Resources */ = {isa = PBXBuildFile; fileRef = 577666982130C6E300C25E00 /* Assets.xcassets */; };
		5776669C2130C6E300C25E00 /* LaunchScreen.storyboard in Resources */ = {isa = PBXBuildFile; fileRef = 5776669A2130C6E300C25E00 /* LaunchScreen.storyboard */; };
		57A34CEA22C9701E00D9862D /* meteocoolUITests.swift in Sources */ = {isa = PBXBuildFile; fileRef = 57A34CE922C9701E00D9862D /* meteocoolUITests.swift */; };
		57A34CF422C9706A00D9862D /* SnapshotHelper.swift in Sources */ = {isa = PBXBuildFile; fileRef = 57A34CF322C9706A00D9862D /* SnapshotHelper.swift */; };
		57A34CF822C9756F00D9862D /* SpringboardHelper.swift in Sources */ = {isa = PBXBuildFile; fileRef = 57A34CF722C9756F00D9862D /* SpringboardHelper.swift */; };
		57C66BE821CF2590004EC825 /* UserNotifications.framework in Frameworks */ = {isa = PBXBuildFile; fileRef = 57C66BE721CF2590004EC825 /* UserNotifications.framework */; };
		57C66BEA21CF2590004EC825 /* UserNotificationsUI.framework in Frameworks */ = {isa = PBXBuildFile; fileRef = 57C66BE921CF2590004EC825 /* UserNotificationsUI.framework */; };
		57C66BED21CF2590004EC825 /* NotificationViewController.swift in Sources */ = {isa = PBXBuildFile; fileRef = 57C66BEC21CF2590004EC825 /* NotificationViewController.swift */; };
		57C66BF021CF2590004EC825 /* MainInterface.storyboard in Resources */ = {isa = PBXBuildFile; fileRef = 57C66BEE21CF2590004EC825 /* MainInterface.storyboard */; };
		57C66BF421CF2590004EC825 /* NotificationContent.appex in Embed App Extensions */ = {isa = PBXBuildFile; fileRef = 57C66BE521CF2590004EC825 /* NotificationContent.appex */; settings = {ATTRIBUTES = (RemoveHeadersOnCopy, ); }; };
		57C66C0021CF25A8004EC825 /* NotificationService.swift in Sources */ = {isa = PBXBuildFile; fileRef = 57C66BFF21CF25A8004EC825 /* NotificationService.swift */; };
		57C66C0421CF25A8004EC825 /* NotificationService.appex in Embed App Extensions */ = {isa = PBXBuildFile; fileRef = 57C66BFD21CF25A7004EC825 /* NotificationService.appex */; settings = {ATTRIBUTES = (RemoveHeadersOnCopy, ); }; };
		A71F9439226E3F8600978EB7 /* OnboardKit.framework in Frameworks */ = {isa = PBXBuildFile; fileRef = A7D9200F226E3E660094AB18 /* OnboardKit.framework */; };
		A7661F4B2217265700834E1D /* CustomeGestureRecognizer.swift in Sources */ = {isa = PBXBuildFile; fileRef = A7661F4A2217265700834E1D /* CustomeGestureRecognizer.swift */; };
		A7D9200E226E3E3A0094AB18 /* WebKit.framework in Frameworks */ = {isa = PBXBuildFile; fileRef = A7D9200D226E3E3A0094AB18 /* WebKit.framework */; };
		A7F5B2132214D77C005EB78C /* PressureManager.swift in Sources */ = {isa = PBXBuildFile; fileRef = A7F5B2122214D77C005EB78C /* PressureManager.swift */; };
		A7F5B2162214DBAF005EB78C /* Media.xcassets in Resources */ = {isa = PBXBuildFile; fileRef = A7F5B2152214DBAF005EB78C /* Media.xcassets */; };
		EA2B77DD2209A9DF00610ED7 /* NotificationCenter.framework in Frameworks */ = {isa = PBXBuildFile; fileRef = EA2B77DC2209A9DF00610ED7 /* NotificationCenter.framework */; };
		EA2B77E02209A9DF00610ED7 /* TodayViewController.swift in Sources */ = {isa = PBXBuildFile; fileRef = EA2B77DF2209A9DF00610ED7 /* TodayViewController.swift */; };
		EA2B77E32209A9DF00610ED7 /* MainInterface.storyboard in Resources */ = {isa = PBXBuildFile; fileRef = EA2B77E12209A9DF00610ED7 /* MainInterface.storyboard */; };
		EA2B77E72209A9DF00610ED7 /* Widget.appex in Embed App Extensions */ = {isa = PBXBuildFile; fileRef = EA2B77DB2209A9DF00610ED7 /* Widget.appex */; settings = {ATTRIBUTES = (RemoveHeadersOnCopy, ); }; };
		EAD69D2922B3F7E5009F3138 /* Localizable.strings in Resources */ = {isa = PBXBuildFile; fileRef = EAD69D2B22B3F7E5009F3138 /* Localizable.strings */; };
/* End PBXBuildFile section */

/* Begin PBXContainerItemProxy section */
		57A34CEC22C9701E00D9862D /* PBXContainerItemProxy */ = {
			isa = PBXContainerItemProxy;
			containerPortal = 577666862130C6E300C25E00 /* Project object */;
			proxyType = 1;
			remoteGlobalIDString = 5776668D2130C6E300C25E00;
			remoteInfo = meteocool;
		};
		57C66BF221CF2590004EC825 /* PBXContainerItemProxy */ = {
			isa = PBXContainerItemProxy;
			containerPortal = 577666862130C6E300C25E00 /* Project object */;
			proxyType = 1;
			remoteGlobalIDString = 57C66BE421CF2590004EC825;
			remoteInfo = NotificationContent;
		};
		57C66C0221CF25A8004EC825 /* PBXContainerItemProxy */ = {
			isa = PBXContainerItemProxy;
			containerPortal = 577666862130C6E300C25E00 /* Project object */;
			proxyType = 1;
			remoteGlobalIDString = 57C66BFC21CF25A7004EC825;
			remoteInfo = NotificationService;
		};
		EA2B77E52209A9DF00610ED7 /* PBXContainerItemProxy */ = {
			isa = PBXContainerItemProxy;
			containerPortal = 577666862130C6E300C25E00 /* Project object */;
			proxyType = 1;
			remoteGlobalIDString = EA2B77DA2209A9DF00610ED7;
			remoteInfo = Widget;
		};
/* End PBXContainerItemProxy section */

/* Begin PBXCopyFilesBuildPhase section */
		57C66BF821CF2590004EC825 /* Embed App Extensions */ = {
			isa = PBXCopyFilesBuildPhase;
			buildActionMask = 2147483647;
			dstPath = "";
			dstSubfolderSpec = 13;
			files = (
				57C66BF421CF2590004EC825 /* NotificationContent.appex in Embed App Extensions */,
				EA2B77E72209A9DF00610ED7 /* Widget.appex in Embed App Extensions */,
				57C66C0421CF25A8004EC825 /* NotificationService.appex in Embed App Extensions */,
			);
			name = "Embed App Extensions";
			runOnlyForDeploymentPostprocessing = 0;
		};
/* End PBXCopyFilesBuildPhase section */

/* Begin PBXFileReference section */
		5705D397218696FB00CC5A60 /* meteocool.entitlements */ = {isa = PBXFileReference; lastKnownFileType = text.plist.entitlements; path = meteocool.entitlements; sourceTree = "<group>"; };
		5705D3982186A16C00CC5A60 /* NotificationManager.swift */ = {isa = PBXFileReference; lastKnownFileType = sourcecode.swift; path = NotificationManager.swift; sourceTree = "<group>"; };
		57589ACE216ADB1000CDEBB7 /* LocationUpdater.swift */ = {isa = PBXFileReference; fileEncoding = 4; lastKnownFileType = sourcecode.swift; path = LocationUpdater.swift; sourceTree = "<group>"; };
		57589AD0216ADB5C00CDEBB7 /* NetworkHelper.swift */ = {isa = PBXFileReference; fileEncoding = 4; lastKnownFileType = sourcecode.swift; path = NetworkHelper.swift; sourceTree = "<group>"; };
		5776668E2130C6E300C25E00 /* meteocool.app */ = {isa = PBXFileReference; explicitFileType = wrapper.application; includeInIndex = 0; path = meteocool.app; sourceTree = BUILT_PRODUCTS_DIR; };
		577666912130C6E300C25E00 /* AppDelegate.swift */ = {isa = PBXFileReference; lastKnownFileType = sourcecode.swift; path = AppDelegate.swift; sourceTree = "<group>"; };
		577666932130C6E300C25E00 /* ViewController.swift */ = {isa = PBXFileReference; lastKnownFileType = sourcecode.swift; path = ViewController.swift; sourceTree = "<group>"; };
		577666962130C6E300C25E00 /* Base */ = {isa = PBXFileReference; lastKnownFileType = file.storyboard; name = Base; path = Base.lproj/Main.storyboard; sourceTree = "<group>"; };
		577666982130C6E300C25E00 /* Assets.xcassets */ = {isa = PBXFileReference; lastKnownFileType = folder.assetcatalog; path = Assets.xcassets; sourceTree = "<group>"; };
		5776669B2130C6E300C25E00 /* Base */ = {isa = PBXFileReference; lastKnownFileType = file.storyboard; name = Base; path = Base.lproj/LaunchScreen.storyboard; sourceTree = "<group>"; };
		5776669D2130C6E300C25E00 /* Info.plist */ = {isa = PBXFileReference; lastKnownFileType = text.plist.xml; path = Info.plist; sourceTree = "<group>"; };
		57A34CE722C9701E00D9862D /* meteocoolUITests.xctest */ = {isa = PBXFileReference; explicitFileType = wrapper.cfbundle; includeInIndex = 0; path = meteocoolUITests.xctest; sourceTree = BUILT_PRODUCTS_DIR; };
		57A34CE922C9701E00D9862D /* meteocoolUITests.swift */ = {isa = PBXFileReference; lastKnownFileType = sourcecode.swift; path = meteocoolUITests.swift; sourceTree = "<group>"; };
		57A34CEB22C9701E00D9862D /* Info.plist */ = {isa = PBXFileReference; lastKnownFileType = text.plist.xml; path = Info.plist; sourceTree = "<group>"; };
		57A34CF322C9706A00D9862D /* SnapshotHelper.swift */ = {isa = PBXFileReference; fileEncoding = 4; lastKnownFileType = sourcecode.swift; path = SnapshotHelper.swift; sourceTree = "<group>"; };
		57A34CF722C9756F00D9862D /* SpringboardHelper.swift */ = {isa = PBXFileReference; fileEncoding = 4; lastKnownFileType = sourcecode.swift; path = SpringboardHelper.swift; sourceTree = "<group>"; };
		57C66BE521CF2590004EC825 /* NotificationContent.appex */ = {isa = PBXFileReference; explicitFileType = "wrapper.app-extension"; includeInIndex = 0; path = NotificationContent.appex; sourceTree = BUILT_PRODUCTS_DIR; };
		57C66BE721CF2590004EC825 /* UserNotifications.framework */ = {isa = PBXFileReference; lastKnownFileType = wrapper.framework; name = UserNotifications.framework; path = System/Library/Frameworks/UserNotifications.framework; sourceTree = SDKROOT; };
		57C66BE921CF2590004EC825 /* UserNotificationsUI.framework */ = {isa = PBXFileReference; lastKnownFileType = wrapper.framework; name = UserNotificationsUI.framework; path = System/Library/Frameworks/UserNotificationsUI.framework; sourceTree = SDKROOT; };
		57C66BEC21CF2590004EC825 /* NotificationViewController.swift */ = {isa = PBXFileReference; lastKnownFileType = sourcecode.swift; path = NotificationViewController.swift; sourceTree = "<group>"; };
		57C66BEF21CF2590004EC825 /* Base */ = {isa = PBXFileReference; lastKnownFileType = file.storyboard; name = Base; path = Base.lproj/MainInterface.storyboard; sourceTree = "<group>"; };
		57C66BF121CF2590004EC825 /* Info.plist */ = {isa = PBXFileReference; lastKnownFileType = text.plist.xml; path = Info.plist; sourceTree = "<group>"; };
		57C66BFD21CF25A7004EC825 /* NotificationService.appex */ = {isa = PBXFileReference; explicitFileType = "wrapper.app-extension"; includeInIndex = 0; path = NotificationService.appex; sourceTree = BUILT_PRODUCTS_DIR; };
		57C66BFF21CF25A8004EC825 /* NotificationService.swift */ = {isa = PBXFileReference; lastKnownFileType = sourcecode.swift; path = NotificationService.swift; sourceTree = "<group>"; };
		57C66C0121CF25A8004EC825 /* Info.plist */ = {isa = PBXFileReference; lastKnownFileType = text.plist.xml; path = Info.plist; sourceTree = "<group>"; };
		A7661F4A2217265700834E1D /* CustomeGestureRecognizer.swift */ = {isa = PBXFileReference; fileEncoding = 4; lastKnownFileType = sourcecode.swift; path = CustomeGestureRecognizer.swift; sourceTree = "<group>"; };
		A7D9200D226E3E3A0094AB18 /* WebKit.framework */ = {isa = PBXFileReference; lastKnownFileType = wrapper.framework; name = WebKit.framework; path = System/Library/Frameworks/WebKit.framework; sourceTree = SDKROOT; };
		A7D9200F226E3E660094AB18 /* OnboardKit.framework */ = {isa = PBXFileReference; lastKnownFileType = wrapper.framework; name = OnboardKit.framework; path = Carthage/Build/iOS/OnboardKit.framework; sourceTree = "<group>"; };
		A7F5B2122214D77C005EB78C /* PressureManager.swift */ = {isa = PBXFileReference; fileEncoding = 4; lastKnownFileType = sourcecode.swift; path = PressureManager.swift; sourceTree = "<group>"; };
		A7F5B2142214D998005EB78C /* Widget.entitlements */ = {isa = PBXFileReference; lastKnownFileType = text.plist.entitlements; path = Widget.entitlements; sourceTree = "<group>"; };
		A7F5B2152214DBAF005EB78C /* Media.xcassets */ = {isa = PBXFileReference; lastKnownFileType = folder.assetcatalog; path = Media.xcassets; sourceTree = "<group>"; };
		EA2B77DB2209A9DF00610ED7 /* Widget.appex */ = {isa = PBXFileReference; explicitFileType = "wrapper.app-extension"; includeInIndex = 0; path = Widget.appex; sourceTree = BUILT_PRODUCTS_DIR; };
		EA2B77DC2209A9DF00610ED7 /* NotificationCenter.framework */ = {isa = PBXFileReference; lastKnownFileType = wrapper.framework; name = NotificationCenter.framework; path = System/Library/Frameworks/NotificationCenter.framework; sourceTree = SDKROOT; };
		EA2B77DF2209A9DF00610ED7 /* TodayViewController.swift */ = {isa = PBXFileReference; lastKnownFileType = sourcecode.swift; path = TodayViewController.swift; sourceTree = "<group>"; };
		EA2B77E22209A9DF00610ED7 /* Base */ = {isa = PBXFileReference; lastKnownFileType = file.storyboard; name = Base; path = Base.lproj/MainInterface.storyboard; sourceTree = "<group>"; };
		EA2B77E42209A9DF00610ED7 /* Info.plist */ = {isa = PBXFileReference; lastKnownFileType = text.plist.xml; path = Info.plist; sourceTree = "<group>"; };
		EAD69D1C22B3F6FF009F3138 /* en */ = {isa = PBXFileReference; lastKnownFileType = text.plist.strings; name = en; path = en.lproj/Main.strings; sourceTree = "<group>"; };
		EAD69D1E22B3F704009F3138 /* en */ = {isa = PBXFileReference; lastKnownFileType = text.plist.strings; name = en; path = en.lproj/LaunchScreen.strings; sourceTree = "<group>"; };
		EAD69D2022B3F707009F3138 /* en */ = {isa = PBXFileReference; lastKnownFileType = text.plist.strings; name = en; path = en.lproj/MainInterface.strings; sourceTree = "<group>"; };
		EAD69D2222B3F70F009F3138 /* en */ = {isa = PBXFileReference; lastKnownFileType = text.plist.strings; name = en; path = en.lproj/MainInterface.strings; sourceTree = "<group>"; };
		EAD69D2322B3F727009F3138 /* de */ = {isa = PBXFileReference; lastKnownFileType = text.plist.strings; name = de; path = de.lproj/Main.strings; sourceTree = "<group>"; };
		EAD69D2422B3F727009F3138 /* de */ = {isa = PBXFileReference; lastKnownFileType = text.plist.strings; name = de; path = de.lproj/LaunchScreen.strings; sourceTree = "<group>"; };
		EAD69D2522B3F728009F3138 /* de */ = {isa = PBXFileReference; lastKnownFileType = text.plist.strings; name = de; path = de.lproj/MainInterface.strings; sourceTree = "<group>"; };
		EAD69D2622B3F728009F3138 /* de */ = {isa = PBXFileReference; lastKnownFileType = text.plist.strings; name = de; path = de.lproj/MainInterface.strings; sourceTree = "<group>"; };
		EAD69D2A22B3F7E5009F3138 /* en */ = {isa = PBXFileReference; lastKnownFileType = text.plist.strings; name = en; path = en.lproj/Localizable.strings; sourceTree = "<group>"; };
		EAD69D2C22B3F80E009F3138 /* de */ = {isa = PBXFileReference; lastKnownFileType = text.plist.strings; name = de; path = de.lproj/Localizable.strings; sourceTree = "<group>"; };
/* End PBXFileReference section */

/* Begin PBXFrameworksBuildPhase section */
		5776668B2130C6E300C25E00 /* Frameworks */ = {
			isa = PBXFrameworksBuildPhase;
			buildActionMask = 2147483647;
			files = (
				A71F9439226E3F8600978EB7 /* OnboardKit.framework in Frameworks */,
			);
			runOnlyForDeploymentPostprocessing = 0;
		};
		57A34CE422C9701E00D9862D /* Frameworks */ = {
			isa = PBXFrameworksBuildPhase;
			buildActionMask = 2147483647;
			files = (
			);
			runOnlyForDeploymentPostprocessing = 0;
		};
		57C66BE221CF2590004EC825 /* Frameworks */ = {
			isa = PBXFrameworksBuildPhase;
			buildActionMask = 2147483647;
			files = (
				57C66BEA21CF2590004EC825 /* UserNotificationsUI.framework in Frameworks */,
				57C66BE821CF2590004EC825 /* UserNotifications.framework in Frameworks */,
			);
			runOnlyForDeploymentPostprocessing = 0;
		};
		57C66BFA21CF25A7004EC825 /* Frameworks */ = {
			isa = PBXFrameworksBuildPhase;
			buildActionMask = 2147483647;
			files = (
			);
			runOnlyForDeploymentPostprocessing = 0;
		};
		EA2B77D82209A9DF00610ED7 /* Frameworks */ = {
			isa = PBXFrameworksBuildPhase;
			buildActionMask = 2147483647;
			files = (
				A7D9200E226E3E3A0094AB18 /* WebKit.framework in Frameworks */,
				EA2B77DD2209A9DF00610ED7 /* NotificationCenter.framework in Frameworks */,
			);
			runOnlyForDeploymentPostprocessing = 0;
		};
/* End PBXFrameworksBuildPhase section */

/* Begin PBXGroup section */
		57589ACD216ADAEB00CDEBB7 /* lib */ = {
			isa = PBXGroup;
			children = (
				A7F5B2122214D77C005EB78C /* PressureManager.swift */,
				57589ACE216ADB1000CDEBB7 /* LocationUpdater.swift */,
				57589AD0216ADB5C00CDEBB7 /* NetworkHelper.swift */,
				5705D3982186A16C00CC5A60 /* NotificationManager.swift */,
			);
			path = lib;
			sourceTree = "<group>";
		};
		577666852130C6E300C25E00 = {
			isa = PBXGroup;
			children = (
				577666902130C6E300C25E00 /* meteocool */,
				57C66BEB21CF2590004EC825 /* NotificationContent */,
				57C66BFE21CF25A8004EC825 /* NotificationService */,
				EA2B77DE2209A9DF00610ED7 /* Widget */,
				57A34CE822C9701E00D9862D /* meteocoolUITests */,
				57C66BE621CF2590004EC825 /* Frameworks */,
				5776668F2130C6E300C25E00 /* Products */,
			);
			sourceTree = "<group>";
		};
		5776668F2130C6E300C25E00 /* Products */ = {
			isa = PBXGroup;
			children = (
				5776668E2130C6E300C25E00 /* meteocool.app */,
				57C66BE521CF2590004EC825 /* NotificationContent.appex */,
				57C66BFD21CF25A7004EC825 /* NotificationService.appex */,
				EA2B77DB2209A9DF00610ED7 /* Widget.appex */,
				57A34CE722C9701E00D9862D /* meteocoolUITests.xctest */,
			);
			name = Products;
			sourceTree = "<group>";
		};
		577666902130C6E300C25E00 /* meteocool */ = {
			isa = PBXGroup;
			children = (
				A7661F4A2217265700834E1D /* CustomeGestureRecognizer.swift */,
				5705D397218696FB00CC5A60 /* meteocool.entitlements */,
				57589ACD216ADAEB00CDEBB7 /* lib */,
				577666912130C6E300C25E00 /* AppDelegate.swift */,
				577666932130C6E300C25E00 /* ViewController.swift */,
				577666952130C6E300C25E00 /* Main.storyboard */,
				577666982130C6E300C25E00 /* Assets.xcassets */,
				5776669A2130C6E300C25E00 /* LaunchScreen.storyboard */,
				5776669D2130C6E300C25E00 /* Info.plist */,
				EAD69D2B22B3F7E5009F3138 /* Localizable.strings */,
			);
			path = meteocool;
			sourceTree = "<group>";
		};
		57A34CE822C9701E00D9862D /* meteocoolUITests */ = {
			isa = PBXGroup;
			children = (
				57A34CF322C9706A00D9862D /* SnapshotHelper.swift */,
				57A34CF722C9756F00D9862D /* SpringboardHelper.swift */,
				57A34CE922C9701E00D9862D /* meteocoolUITests.swift */,
				57A34CEB22C9701E00D9862D /* Info.plist */,
			);
			path = meteocoolUITests;
			sourceTree = "<group>";
		};
		57C66BE621CF2590004EC825 /* Frameworks */ = {
			isa = PBXGroup;
			children = (
				A7D9200F226E3E660094AB18 /* OnboardKit.framework */,
				A7D9200D226E3E3A0094AB18 /* WebKit.framework */,
				57C66BE721CF2590004EC825 /* UserNotifications.framework */,
				57C66BE921CF2590004EC825 /* UserNotificationsUI.framework */,
				EA2B77DC2209A9DF00610ED7 /* NotificationCenter.framework */,
			);
			name = Frameworks;
			sourceTree = "<group>";
		};
		57C66BEB21CF2590004EC825 /* NotificationContent */ = {
			isa = PBXGroup;
			children = (
				57C66BEC21CF2590004EC825 /* NotificationViewController.swift */,
				57C66BEE21CF2590004EC825 /* MainInterface.storyboard */,
				57C66BF121CF2590004EC825 /* Info.plist */,
			);
			path = NotificationContent;
			sourceTree = "<group>";
		};
		57C66BFE21CF25A8004EC825 /* NotificationService */ = {
			isa = PBXGroup;
			children = (
				57C66BFF21CF25A8004EC825 /* NotificationService.swift */,
				57C66C0121CF25A8004EC825 /* Info.plist */,
			);
			path = NotificationService;
			sourceTree = "<group>";
		};
		EA2B77DE2209A9DF00610ED7 /* Widget */ = {
			isa = PBXGroup;
			children = (
				A7F5B2152214DBAF005EB78C /* Media.xcassets */,
				A7F5B2142214D998005EB78C /* Widget.entitlements */,
				EA2B77DF2209A9DF00610ED7 /* TodayViewController.swift */,
				EA2B77E12209A9DF00610ED7 /* MainInterface.storyboard */,
				EA2B77E42209A9DF00610ED7 /* Info.plist */,
			);
			path = Widget;
			sourceTree = "<group>";
		};
/* End PBXGroup section */

/* Begin PBXNativeTarget section */
		5776668D2130C6E300C25E00 /* meteocool */ = {
			isa = PBXNativeTarget;
			buildConfigurationList = 577666A02130C6E300C25E00 /* Build configuration list for PBXNativeTarget "meteocool" */;
			buildPhases = (
				5776668A2130C6E300C25E00 /* Sources */,
				5776668B2130C6E300C25E00 /* Frameworks */,
				5776668C2130C6E300C25E00 /* Resources */,
				57C66BF821CF2590004EC825 /* Embed App Extensions */,
				A71F943A226E3FA300978EB7 /* ShellScript */,
			);
			buildRules = (
			);
			dependencies = (
				57C66BF321CF2590004EC825 /* PBXTargetDependency */,
				57C66C0321CF25A8004EC825 /* PBXTargetDependency */,
				EA2B77E62209A9DF00610ED7 /* PBXTargetDependency */,
			);
			name = meteocool;
			productName = meteocool;
			productReference = 5776668E2130C6E300C25E00 /* meteocool.app */;
			productType = "com.apple.product-type.application";
		};
		57A34CE622C9701E00D9862D /* meteocoolUITests */ = {
			isa = PBXNativeTarget;
			buildConfigurationList = 57A34CF022C9701E00D9862D /* Build configuration list for PBXNativeTarget "meteocoolUITests" */;
			buildPhases = (
				57A34CE322C9701E00D9862D /* Sources */,
				57A34CE422C9701E00D9862D /* Frameworks */,
				57A34CE522C9701E00D9862D /* Resources */,
			);
			buildRules = (
			);
			dependencies = (
				57A34CED22C9701E00D9862D /* PBXTargetDependency */,
			);
			name = meteocoolUITests;
			productName = meteocoolUITests;
			productReference = 57A34CE722C9701E00D9862D /* meteocoolUITests.xctest */;
			productType = "com.apple.product-type.bundle.ui-testing";
		};
		57C66BE421CF2590004EC825 /* NotificationContent */ = {
			isa = PBXNativeTarget;
			buildConfigurationList = 57C66BF721CF2590004EC825 /* Build configuration list for PBXNativeTarget "NotificationContent" */;
			buildPhases = (
				57C66BE121CF2590004EC825 /* Sources */,
				57C66BE221CF2590004EC825 /* Frameworks */,
				57C66BE321CF2590004EC825 /* Resources */,
			);
			buildRules = (
			);
			dependencies = (
			);
			name = NotificationContent;
			productName = NotificationContent;
			productReference = 57C66BE521CF2590004EC825 /* NotificationContent.appex */;
			productType = "com.apple.product-type.app-extension";
		};
		57C66BFC21CF25A7004EC825 /* NotificationService */ = {
			isa = PBXNativeTarget;
			buildConfigurationList = 57C66C0521CF25A8004EC825 /* Build configuration list for PBXNativeTarget "NotificationService" */;
			buildPhases = (
				57C66BF921CF25A7004EC825 /* Sources */,
				57C66BFA21CF25A7004EC825 /* Frameworks */,
				57C66BFB21CF25A7004EC825 /* Resources */,
			);
			buildRules = (
			);
			dependencies = (
			);
			name = NotificationService;
			productName = NotificationService;
			productReference = 57C66BFD21CF25A7004EC825 /* NotificationService.appex */;
			productType = "com.apple.product-type.app-extension";
		};
		EA2B77DA2209A9DF00610ED7 /* Widget */ = {
			isa = PBXNativeTarget;
			buildConfigurationList = EA2B77EA2209A9DF00610ED7 /* Build configuration list for PBXNativeTarget "Widget" */;
			buildPhases = (
				EA2B77D72209A9DF00610ED7 /* Sources */,
				EA2B77D82209A9DF00610ED7 /* Frameworks */,
				EA2B77D92209A9DF00610ED7 /* Resources */,
			);
			buildRules = (
			);
			dependencies = (
			);
			name = Widget;
			productName = Widget;
			productReference = EA2B77DB2209A9DF00610ED7 /* Widget.appex */;
			productType = "com.apple.product-type.app-extension";
		};
/* End PBXNativeTarget section */

/* Begin PBXProject section */
		577666862130C6E300C25E00 /* Project object */ = {
			isa = PBXProject;
			attributes = {
				LastSwiftUpdateCheck = 1020;
				LastUpgradeCheck = 0940;
				ORGANIZATIONNAME = "Florian Mauracher";
				TargetAttributes = {
					5776668D2130C6E300C25E00 = {
						CreatedOnToolsVersion = 9.4.1;
						LastSwiftMigration = 1020;
						SystemCapabilities = {
							com.apple.ApplicationGroups.iOS = {
								enabled = 1;
							};
							com.apple.BackgroundModes = {
								enabled = 1;
							};
							com.apple.Push = {
								enabled = 1;
							};
						};
					};
					57A34CE622C9701E00D9862D = {
						CreatedOnToolsVersion = 10.2.1;
						TestTargetID = 5776668D2130C6E300C25E00;
					};
					57C66BE421CF2590004EC825 = {
						CreatedOnToolsVersion = 10.1;
						LastSwiftMigration = 1020;
					};
					57C66BFC21CF25A7004EC825 = {
						CreatedOnToolsVersion = 10.1;
						LastSwiftMigration = 1020;
					};
					EA2B77DA2209A9DF00610ED7 = {
						CreatedOnToolsVersion = 10.2;
						LastSwiftMigration = 1020;
						SystemCapabilities = {
							com.apple.ApplicationGroups.iOS = {
								enabled = 1;
							};
						};
					};
				};
			};
			buildConfigurationList = 577666892130C6E300C25E00 /* Build configuration list for PBXProject "meteocool" */;
			compatibilityVersion = "Xcode 9.3";
			developmentRegion = en;
			hasScannedForEncodings = 0;
			knownRegions = (
				en,
				Base,
				de,
			);
			mainGroup = 577666852130C6E300C25E00;
			productRefGroup = 5776668F2130C6E300C25E00 /* Products */;
			projectDirPath = "";
			projectRoot = "";
			targets = (
				5776668D2130C6E300C25E00 /* meteocool */,
				57C66BE421CF2590004EC825 /* NotificationContent */,
				57C66BFC21CF25A7004EC825 /* NotificationService */,
				EA2B77DA2209A9DF00610ED7 /* Widget */,
				57A34CE622C9701E00D9862D /* meteocoolUITests */,
			);
		};
/* End PBXProject section */

/* Begin PBXResourcesBuildPhase section */
		5776668C2130C6E300C25E00 /* Resources */ = {
			isa = PBXResourcesBuildPhase;
			buildActionMask = 2147483647;
			files = (
				5776669C2130C6E300C25E00 /* LaunchScreen.storyboard in Resources */,
				EAD69D2922B3F7E5009F3138 /* Localizable.strings in Resources */,
				577666992130C6E300C25E00 /* Assets.xcassets in Resources */,
				577666972130C6E300C25E00 /* Main.storyboard in Resources */,
			);
			runOnlyForDeploymentPostprocessing = 0;
		};
		57A34CE522C9701E00D9862D /* Resources */ = {
			isa = PBXResourcesBuildPhase;
			buildActionMask = 2147483647;
			files = (
			);
			runOnlyForDeploymentPostprocessing = 0;
		};
		57C66BE321CF2590004EC825 /* Resources */ = {
			isa = PBXResourcesBuildPhase;
			buildActionMask = 2147483647;
			files = (
				57C66BF021CF2590004EC825 /* MainInterface.storyboard in Resources */,
			);
			runOnlyForDeploymentPostprocessing = 0;
		};
		57C66BFB21CF25A7004EC825 /* Resources */ = {
			isa = PBXResourcesBuildPhase;
			buildActionMask = 2147483647;
			files = (
			);
			runOnlyForDeploymentPostprocessing = 0;
		};
		EA2B77D92209A9DF00610ED7 /* Resources */ = {
			isa = PBXResourcesBuildPhase;
			buildActionMask = 2147483647;
			files = (
				A7F5B2162214DBAF005EB78C /* Media.xcassets in Resources */,
				EA2B77E32209A9DF00610ED7 /* MainInterface.storyboard in Resources */,
			);
			runOnlyForDeploymentPostprocessing = 0;
		};
/* End PBXResourcesBuildPhase section */

/* Begin PBXShellScriptBuildPhase section */
		A71F943A226E3FA300978EB7 /* ShellScript */ = {
			isa = PBXShellScriptBuildPhase;
			buildActionMask = 2147483647;
			files = (
			);
			inputFileListPaths = (
			);
			inputPaths = (
				"$(SRCROOT)/Carthage/Build/iOS/OnboardKit.framework",
			);
			outputFileListPaths = (
			);
			outputPaths = (
				"$(BUILT_PRODUCTS_DIR)/$(FRAMEWORKS_FOLDER_PATH)/OnboardKit.framework",
			);
			runOnlyForDeploymentPostprocessing = 0;
			shellPath = /bin/sh;
			shellScript = "/usr/local/bin/carthage copy-frameworks\n";
		};
/* End PBXShellScriptBuildPhase section */

/* Begin PBXSourcesBuildPhase section */
		5776668A2130C6E300C25E00 /* Sources */ = {
			isa = PBXSourcesBuildPhase;
			buildActionMask = 2147483647;
			files = (
				A7F5B2132214D77C005EB78C /* PressureManager.swift in Sources */,
				577666942130C6E300C25E00 /* ViewController.swift in Sources */,
				5705D3992186A16C00CC5A60 /* NotificationManager.swift in Sources */,
				57589ACF216ADB1000CDEBB7 /* LocationUpdater.swift in Sources */,
				57589AD1216ADB5C00CDEBB7 /* NetworkHelper.swift in Sources */,
				A7661F4B2217265700834E1D /* CustomeGestureRecognizer.swift in Sources */,
				577666922130C6E300C25E00 /* AppDelegate.swift in Sources */,
			);
			runOnlyForDeploymentPostprocessing = 0;
		};
		57A34CE322C9701E00D9862D /* Sources */ = {
			isa = PBXSourcesBuildPhase;
			buildActionMask = 2147483647;
			files = (
				57A34CEA22C9701E00D9862D /* meteocoolUITests.swift in Sources */,
				57A34CF822C9756F00D9862D /* SpringboardHelper.swift in Sources */,
				57A34CF422C9706A00D9862D /* SnapshotHelper.swift in Sources */,
			);
			runOnlyForDeploymentPostprocessing = 0;
		};
		57C66BE121CF2590004EC825 /* Sources */ = {
			isa = PBXSourcesBuildPhase;
			buildActionMask = 2147483647;
			files = (
				57C66BED21CF2590004EC825 /* NotificationViewController.swift in Sources */,
			);
			runOnlyForDeploymentPostprocessing = 0;
		};
		57C66BF921CF25A7004EC825 /* Sources */ = {
			isa = PBXSourcesBuildPhase;
			buildActionMask = 2147483647;
			files = (
				57C66C0021CF25A8004EC825 /* NotificationService.swift in Sources */,
			);
			runOnlyForDeploymentPostprocessing = 0;
		};
		EA2B77D72209A9DF00610ED7 /* Sources */ = {
			isa = PBXSourcesBuildPhase;
			buildActionMask = 2147483647;
			files = (
				EA2B77E02209A9DF00610ED7 /* TodayViewController.swift in Sources */,
			);
			runOnlyForDeploymentPostprocessing = 0;
		};
/* End PBXSourcesBuildPhase section */

/* Begin PBXTargetDependency section */
		57A34CED22C9701E00D9862D /* PBXTargetDependency */ = {
			isa = PBXTargetDependency;
			target = 5776668D2130C6E300C25E00 /* meteocool */;
			targetProxy = 57A34CEC22C9701E00D9862D /* PBXContainerItemProxy */;
		};
		57C66BF321CF2590004EC825 /* PBXTargetDependency */ = {
			isa = PBXTargetDependency;
			target = 57C66BE421CF2590004EC825 /* NotificationContent */;
			targetProxy = 57C66BF221CF2590004EC825 /* PBXContainerItemProxy */;
		};
		57C66C0321CF25A8004EC825 /* PBXTargetDependency */ = {
			isa = PBXTargetDependency;
			target = 57C66BFC21CF25A7004EC825 /* NotificationService */;
			targetProxy = 57C66C0221CF25A8004EC825 /* PBXContainerItemProxy */;
		};
		EA2B77E62209A9DF00610ED7 /* PBXTargetDependency */ = {
			isa = PBXTargetDependency;
			target = EA2B77DA2209A9DF00610ED7 /* Widget */;
			targetProxy = EA2B77E52209A9DF00610ED7 /* PBXContainerItemProxy */;
		};
/* End PBXTargetDependency section */

/* Begin PBXVariantGroup section */
		577666952130C6E300C25E00 /* Main.storyboard */ = {
			isa = PBXVariantGroup;
			children = (
				577666962130C6E300C25E00 /* Base */,
				EAD69D1C22B3F6FF009F3138 /* en */,
				EAD69D2322B3F727009F3138 /* de */,
			);
			name = Main.storyboard;
			sourceTree = "<group>";
		};
		5776669A2130C6E300C25E00 /* LaunchScreen.storyboard */ = {
			isa = PBXVariantGroup;
			children = (
				5776669B2130C6E300C25E00 /* Base */,
				EAD69D1E22B3F704009F3138 /* en */,
				EAD69D2422B3F727009F3138 /* de */,
			);
			name = LaunchScreen.storyboard;
			sourceTree = "<group>";
		};
		57C66BEE21CF2590004EC825 /* MainInterface.storyboard */ = {
			isa = PBXVariantGroup;
			children = (
				57C66BEF21CF2590004EC825 /* Base */,
				EAD69D2022B3F707009F3138 /* en */,
				EAD69D2522B3F728009F3138 /* de */,
			);
			name = MainInterface.storyboard;
			sourceTree = "<group>";
		};
		EA2B77E12209A9DF00610ED7 /* MainInterface.storyboard */ = {
			isa = PBXVariantGroup;
			children = (
				EA2B77E22209A9DF00610ED7 /* Base */,
				EAD69D2222B3F70F009F3138 /* en */,
				EAD69D2622B3F728009F3138 /* de */,
			);
			name = MainInterface.storyboard;
			sourceTree = "<group>";
		};
		EAD69D2B22B3F7E5009F3138 /* Localizable.strings */ = {
			isa = PBXVariantGroup;
			children = (
				EAD69D2A22B3F7E5009F3138 /* en */,
				EAD69D2C22B3F80E009F3138 /* de */,
			);
			name = Localizable.strings;
			sourceTree = "<group>";
		};
/* End PBXVariantGroup section */

/* Begin XCBuildConfiguration section */
		5776669E2130C6E300C25E00 /* Debug */ = {
			isa = XCBuildConfiguration;
			buildSettings = {
				ALWAYS_SEARCH_USER_PATHS = NO;
				CLANG_ANALYZER_LOCALIZABILITY_NONLOCALIZED = YES;
				CLANG_ANALYZER_NONNULL = YES;
				CLANG_ANALYZER_NUMBER_OBJECT_CONVERSION = YES_AGGRESSIVE;
				CLANG_CXX_LANGUAGE_STANDARD = "gnu++14";
				CLANG_CXX_LIBRARY = "libc++";
				CLANG_ENABLE_MODULES = YES;
				CLANG_ENABLE_OBJC_ARC = YES;
				CLANG_ENABLE_OBJC_WEAK = YES;
				CLANG_WARN_BLOCK_CAPTURE_AUTORELEASING = YES;
				CLANG_WARN_BOOL_CONVERSION = YES;
				CLANG_WARN_COMMA = YES;
				CLANG_WARN_CONSTANT_CONVERSION = YES;
				CLANG_WARN_DEPRECATED_OBJC_IMPLEMENTATIONS = YES;
				CLANG_WARN_DIRECT_OBJC_ISA_USAGE = YES_ERROR;
				CLANG_WARN_DOCUMENTATION_COMMENTS = YES;
				CLANG_WARN_EMPTY_BODY = YES;
				CLANG_WARN_ENUM_CONVERSION = YES;
				CLANG_WARN_INFINITE_RECURSION = YES;
				CLANG_WARN_INT_CONVERSION = YES;
				CLANG_WARN_NON_LITERAL_NULL_CONVERSION = YES;
				CLANG_WARN_OBJC_IMPLICIT_RETAIN_SELF = YES;
				CLANG_WARN_OBJC_LITERAL_CONVERSION = YES;
				CLANG_WARN_OBJC_ROOT_CLASS = YES_ERROR;
				CLANG_WARN_RANGE_LOOP_ANALYSIS = YES;
				CLANG_WARN_STRICT_PROTOTYPES = YES;
				CLANG_WARN_SUSPICIOUS_MOVE = YES;
				CLANG_WARN_UNGUARDED_AVAILABILITY = YES_AGGRESSIVE;
				CLANG_WARN_UNREACHABLE_CODE = YES;
				CLANG_WARN__DUPLICATE_METHOD_MATCH = YES;
				CODE_SIGN_IDENTITY = "iPhone Developer";
				COPY_PHASE_STRIP = NO;
				DEBUG_INFORMATION_FORMAT = dwarf;
				ENABLE_STRICT_OBJC_MSGSEND = YES;
				ENABLE_TESTABILITY = YES;
				GCC_C_LANGUAGE_STANDARD = gnu11;
				GCC_DYNAMIC_NO_PIC = NO;
				GCC_NO_COMMON_BLOCKS = YES;
				GCC_OPTIMIZATION_LEVEL = 0;
				GCC_PREPROCESSOR_DEFINITIONS = (
					"DEBUG=1",
					"$(inherited)",
				);
				GCC_WARN_64_TO_32_BIT_CONVERSION = YES;
				GCC_WARN_ABOUT_RETURN_TYPE = YES_ERROR;
				GCC_WARN_UNDECLARED_SELECTOR = YES;
				GCC_WARN_UNINITIALIZED_AUTOS = YES_AGGRESSIVE;
				GCC_WARN_UNUSED_FUNCTION = YES;
				GCC_WARN_UNUSED_VARIABLE = YES;
				IPHONEOS_DEPLOYMENT_TARGET = 12.1;
				MTL_ENABLE_DEBUG_INFO = YES;
				ONLY_ACTIVE_ARCH = YES;
				SDKROOT = iphoneos;
				SWIFT_ACTIVE_COMPILATION_CONDITIONS = DEBUG;
				SWIFT_OPTIMIZATION_LEVEL = "-Onone";
			};
			name = Debug;
		};
		5776669F2130C6E300C25E00 /* Release */ = {
			isa = XCBuildConfiguration;
			buildSettings = {
				ALWAYS_SEARCH_USER_PATHS = NO;
				CLANG_ANALYZER_LOCALIZABILITY_NONLOCALIZED = YES;
				CLANG_ANALYZER_NONNULL = YES;
				CLANG_ANALYZER_NUMBER_OBJECT_CONVERSION = YES_AGGRESSIVE;
				CLANG_CXX_LANGUAGE_STANDARD = "gnu++14";
				CLANG_CXX_LIBRARY = "libc++";
				CLANG_ENABLE_MODULES = YES;
				CLANG_ENABLE_OBJC_ARC = YES;
				CLANG_ENABLE_OBJC_WEAK = YES;
				CLANG_WARN_BLOCK_CAPTURE_AUTORELEASING = YES;
				CLANG_WARN_BOOL_CONVERSION = YES;
				CLANG_WARN_COMMA = YES;
				CLANG_WARN_CONSTANT_CONVERSION = YES;
				CLANG_WARN_DEPRECATED_OBJC_IMPLEMENTATIONS = YES;
				CLANG_WARN_DIRECT_OBJC_ISA_USAGE = YES_ERROR;
				CLANG_WARN_DOCUMENTATION_COMMENTS = YES;
				CLANG_WARN_EMPTY_BODY = YES;
				CLANG_WARN_ENUM_CONVERSION = YES;
				CLANG_WARN_INFINITE_RECURSION = YES;
				CLANG_WARN_INT_CONVERSION = YES;
				CLANG_WARN_NON_LITERAL_NULL_CONVERSION = YES;
				CLANG_WARN_OBJC_IMPLICIT_RETAIN_SELF = YES;
				CLANG_WARN_OBJC_LITERAL_CONVERSION = YES;
				CLANG_WARN_OBJC_ROOT_CLASS = YES_ERROR;
				CLANG_WARN_RANGE_LOOP_ANALYSIS = YES;
				CLANG_WARN_STRICT_PROTOTYPES = YES;
				CLANG_WARN_SUSPICIOUS_MOVE = YES;
				CLANG_WARN_UNGUARDED_AVAILABILITY = YES_AGGRESSIVE;
				CLANG_WARN_UNREACHABLE_CODE = YES;
				CLANG_WARN__DUPLICATE_METHOD_MATCH = YES;
				CODE_SIGN_IDENTITY = "iPhone Developer";
				COPY_PHASE_STRIP = NO;
				DEBUG_INFORMATION_FORMAT = "dwarf-with-dsym";
				ENABLE_NS_ASSERTIONS = NO;
				ENABLE_STRICT_OBJC_MSGSEND = YES;
				GCC_C_LANGUAGE_STANDARD = gnu11;
				GCC_NO_COMMON_BLOCKS = YES;
				GCC_WARN_64_TO_32_BIT_CONVERSION = YES;
				GCC_WARN_ABOUT_RETURN_TYPE = YES_ERROR;
				GCC_WARN_UNDECLARED_SELECTOR = YES;
				GCC_WARN_UNINITIALIZED_AUTOS = YES_AGGRESSIVE;
				GCC_WARN_UNUSED_FUNCTION = YES;
				GCC_WARN_UNUSED_VARIABLE = YES;
				IPHONEOS_DEPLOYMENT_TARGET = 12.1;
				MTL_ENABLE_DEBUG_INFO = NO;
				SDKROOT = iphoneos;
				SWIFT_COMPILATION_MODE = wholemodule;
				SWIFT_OPTIMIZATION_LEVEL = "-O";
				VALIDATE_PRODUCT = YES;
			};
			name = Release;
		};
		577666A12130C6E300C25E00 /* Debug */ = {
			isa = XCBuildConfiguration;
			buildSettings = {
				ALWAYS_EMBED_SWIFT_STANDARD_LIBRARIES = YES;
				ASSETCATALOG_COMPILER_APPICON_NAME = AppIcon;
				CODE_SIGN_ENTITLEMENTS = meteocool/meteocool.entitlements;
				CODE_SIGN_STYLE = Automatic;
				DEVELOPMENT_TEAM = 4L2672L4VX;
				FRAMEWORK_SEARCH_PATHS = (
					"$(inherited)",
					"$(PROJECT_DIR)/Carthage/Build/iOS",
				);
				INFOPLIST_FILE = meteocool/Info.plist;
				IPHONEOS_DEPLOYMENT_TARGET = 12.1;
				LD_RUNPATH_SEARCH_PATHS = (
					"$(inherited)",
					"@executable_path/Frameworks",
				);
				PRODUCT_BUNDLE_IDENTIFIER = org.frcy.app.meteocool;
				PRODUCT_NAME = "$(TARGET_NAME)";
				SWIFT_VERSION = 5.0;
				TARGETED_DEVICE_FAMILY = "1,2";
			};
			name = Debug;
		};
		577666A22130C6E300C25E00 /* Release */ = {
			isa = XCBuildConfiguration;
			buildSettings = {
				ALWAYS_EMBED_SWIFT_STANDARD_LIBRARIES = YES;
				ASSETCATALOG_COMPILER_APPICON_NAME = AppIcon;
				CODE_SIGN_ENTITLEMENTS = meteocool/meteocool.entitlements;
				CODE_SIGN_STYLE = Automatic;
				DEVELOPMENT_TEAM = 4L2672L4VX;
				FRAMEWORK_SEARCH_PATHS = (
					"$(inherited)",
					"$(PROJECT_DIR)/Carthage/Build/iOS",
				);
				INFOPLIST_FILE = meteocool/Info.plist;
				IPHONEOS_DEPLOYMENT_TARGET = 12.1;
				LD_RUNPATH_SEARCH_PATHS = (
					"$(inherited)",
					"@executable_path/Frameworks",
				);
				PRODUCT_BUNDLE_IDENTIFIER = org.frcy.app.meteocool;
				PRODUCT_NAME = "$(TARGET_NAME)";
				SWIFT_VERSION = 5.0;
				TARGETED_DEVICE_FAMILY = "1,2";
			};
			name = Release;
		};
		57A34CEE22C9701E00D9862D /* Debug */ = {
			isa = XCBuildConfiguration;
			buildSettings = {
				CODE_SIGN_STYLE = Automatic;
				DEVELOPMENT_TEAM = 4L2672L4VX;
				INFOPLIST_FILE = meteocoolUITests/Info.plist;
				IPHONEOS_DEPLOYMENT_TARGET = 12.2;
				LD_RUNPATH_SEARCH_PATHS = (
					"$(inherited)",
					"@executable_path/Frameworks",
					"@loader_path/Frameworks",
				);
				MTL_ENABLE_DEBUG_INFO = INCLUDE_SOURCE;
				MTL_FAST_MATH = YES;
				PRODUCT_BUNDLE_IDENTIFIER = org.frcy.app.meteocoolUITests;
				PRODUCT_NAME = "$(TARGET_NAME)";
				SWIFT_VERSION = 5.0;
				TARGETED_DEVICE_FAMILY = "1,2";
				TEST_TARGET_NAME = meteocool;
			};
			name = Debug;
		};
		57A34CEF22C9701E00D9862D /* Release */ = {
			isa = XCBuildConfiguration;
			buildSettings = {
				CODE_SIGN_STYLE = Automatic;
				DEVELOPMENT_TEAM = 4L2672L4VX;
				INFOPLIST_FILE = meteocoolUITests/Info.plist;
				IPHONEOS_DEPLOYMENT_TARGET = 12.2;
				LD_RUNPATH_SEARCH_PATHS = (
					"$(inherited)",
					"@executable_path/Frameworks",
					"@loader_path/Frameworks",
				);
				MTL_FAST_MATH = YES;
				PRODUCT_BUNDLE_IDENTIFIER = org.frcy.app.meteocoolUITests;
				PRODUCT_NAME = "$(TARGET_NAME)";
				SWIFT_VERSION = 5.0;
				TARGETED_DEVICE_FAMILY = "1,2";
				TEST_TARGET_NAME = meteocool;
			};
			name = Release;
		};
		57C66BF521CF2590004EC825 /* Debug */ = {
			isa = XCBuildConfiguration;
			buildSettings = {
				CODE_SIGN_STYLE = Automatic;
				DEVELOPMENT_TEAM = 4L2672L4VX;
				INFOPLIST_FILE = NotificationContent/Info.plist;
				IPHONEOS_DEPLOYMENT_TARGET = 12.1;
				LD_RUNPATH_SEARCH_PATHS = (
					"$(inherited)",
					"@executable_path/Frameworks",
					"@executable_path/../../Frameworks",
				);
				MTL_ENABLE_DEBUG_INFO = INCLUDE_SOURCE;
				MTL_FAST_MATH = YES;
				PRODUCT_BUNDLE_IDENTIFIER = org.frcy.app.meteocool.NotificationContent;
				PRODUCT_NAME = "$(TARGET_NAME)";
				SKIP_INSTALL = YES;
				SWIFT_VERSION = 5.0;
				TARGETED_DEVICE_FAMILY = "1,2";
			};
			name = Debug;
		};
		57C66BF621CF2590004EC825 /* Release */ = {
			isa = XCBuildConfiguration;
			buildSettings = {
				CODE_SIGN_STYLE = Automatic;
				DEVELOPMENT_TEAM = 4L2672L4VX;
				INFOPLIST_FILE = NotificationContent/Info.plist;
				IPHONEOS_DEPLOYMENT_TARGET = 12.1;
				LD_RUNPATH_SEARCH_PATHS = (
					"$(inherited)",
					"@executable_path/Frameworks",
					"@executable_path/../../Frameworks",
				);
				MTL_FAST_MATH = YES;
				PRODUCT_BUNDLE_IDENTIFIER = org.frcy.app.meteocool.NotificationContent;
				PRODUCT_NAME = "$(TARGET_NAME)";
				SKIP_INSTALL = YES;
				SWIFT_VERSION = 5.0;
				TARGETED_DEVICE_FAMILY = "1,2";
			};
			name = Release;
		};
		57C66C0621CF25A8004EC825 /* Debug */ = {
			isa = XCBuildConfiguration;
			buildSettings = {
				CODE_SIGN_STYLE = Automatic;
				DEVELOPMENT_TEAM = 4L2672L4VX;
				INFOPLIST_FILE = NotificationService/Info.plist;
				IPHONEOS_DEPLOYMENT_TARGET = 12.1;
				LD_RUNPATH_SEARCH_PATHS = (
					"$(inherited)",
					"@executable_path/Frameworks",
					"@executable_path/../../Frameworks",
				);
				MTL_ENABLE_DEBUG_INFO = INCLUDE_SOURCE;
				MTL_FAST_MATH = YES;
				PRODUCT_BUNDLE_IDENTIFIER = org.frcy.app.meteocool.NotificationService;
				PRODUCT_NAME = "$(TARGET_NAME)";
				SKIP_INSTALL = YES;
				SWIFT_VERSION = 5.0;
				TARGETED_DEVICE_FAMILY = "1,2";
			};
			name = Debug;
		};
		57C66C0721CF25A8004EC825 /* Release */ = {
			isa = XCBuildConfiguration;
			buildSettings = {
				CODE_SIGN_STYLE = Automatic;
				DEVELOPMENT_TEAM = 4L2672L4VX;
				INFOPLIST_FILE = NotificationService/Info.plist;
				IPHONEOS_DEPLOYMENT_TARGET = 12.1;
				LD_RUNPATH_SEARCH_PATHS = (
					"$(inherited)",
					"@executable_path/Frameworks",
					"@executable_path/../../Frameworks",
				);
				MTL_FAST_MATH = YES;
				PRODUCT_BUNDLE_IDENTIFIER = org.frcy.app.meteocool.NotificationService;
				PRODUCT_NAME = "$(TARGET_NAME)";
				SKIP_INSTALL = YES;
				SWIFT_VERSION = 5.0;
				TARGETED_DEVICE_FAMILY = "1,2";
			};
			name = Release;
		};
		EA2B77E82209A9DF00610ED7 /* Debug */ = {
			isa = XCBuildConfiguration;
			buildSettings = {
				CODE_SIGN_ENTITLEMENTS = Widget/Widget.entitlements;
				CODE_SIGN_STYLE = Automatic;
				DEVELOPMENT_TEAM = 4L2672L4VX;
				FRAMEWORK_SEARCH_PATHS = (
					"$(inherited)",
					"$(PROJECT_DIR)/Carthage/Build/iOS",
				);
				INFOPLIST_FILE = Widget/Info.plist;
				IPHONEOS_DEPLOYMENT_TARGET = 12.1;
				LD_RUNPATH_SEARCH_PATHS = (
					"$(inherited)",
					"@executable_path/Frameworks",
					"@executable_path/../../Frameworks",
				);
				MTL_ENABLE_DEBUG_INFO = INCLUDE_SOURCE;
				MTL_FAST_MATH = YES;
				PRODUCT_BUNDLE_IDENTIFIER = org.frcy.app.meteocool.Widget;
				PRODUCT_NAME = "$(TARGET_NAME)";
				SKIP_INSTALL = YES;
				SWIFT_VERSION = 5.0;
				TARGETED_DEVICE_FAMILY = "1,2";
			};
			name = Debug;
		};
		EA2B77E92209A9DF00610ED7 /* Release */ = {
			isa = XCBuildConfiguration;
			buildSettings = {
				CODE_SIGN_ENTITLEMENTS = Widget/Widget.entitlements;
				CODE_SIGN_STYLE = Automatic;
				DEVELOPMENT_TEAM = 4L2672L4VX;
				FRAMEWORK_SEARCH_PATHS = (
					"$(inherited)",
					"$(PROJECT_DIR)/Carthage/Build/iOS",
				);
				INFOPLIST_FILE = Widget/Info.plist;
				IPHONEOS_DEPLOYMENT_TARGET = 12.1;
				LD_RUNPATH_SEARCH_PATHS = (
					"$(inherited)",
					"@executable_path/Frameworks",
					"@executable_path/../../Frameworks",
				);
				MTL_FAST_MATH = YES;
				PRODUCT_BUNDLE_IDENTIFIER = org.frcy.app.meteocool.Widget;
				PRODUCT_NAME = "$(TARGET_NAME)";
				SKIP_INSTALL = YES;
				SWIFT_VERSION = 5.0;
				TARGETED_DEVICE_FAMILY = "1,2";
			};
			name = Release;
		};
/* End XCBuildConfiguration section */

/* Begin XCConfigurationList section */
		577666892130C6E300C25E00 /* Build configuration list for PBXProject "meteocool" */ = {
			isa = XCConfigurationList;
			buildConfigurations = (
				5776669E2130C6E300C25E00 /* Debug */,
				5776669F2130C6E300C25E00 /* Release */,
			);
			defaultConfigurationIsVisible = 0;
			defaultConfigurationName = Release;
		};
		577666A02130C6E300C25E00 /* Build configuration list for PBXNativeTarget "meteocool" */ = {
			isa = XCConfigurationList;
			buildConfigurations = (
				577666A12130C6E300C25E00 /* Debug */,
				577666A22130C6E300C25E00 /* Release */,
			);
			defaultConfigurationIsVisible = 0;
			defaultConfigurationName = Release;
		};
		57A34CF022C9701E00D9862D /* Build configuration list for PBXNativeTarget "meteocoolUITests" */ = {
			isa = XCConfigurationList;
			buildConfigurations = (
				57A34CEE22C9701E00D9862D /* Debug */,
				57A34CEF22C9701E00D9862D /* Release */,
			);
			defaultConfigurationIsVisible = 0;
			defaultConfigurationName = Release;
		};
		57C66BF721CF2590004EC825 /* Build configuration list for PBXNativeTarget "NotificationContent" */ = {
			isa = XCConfigurationList;
			buildConfigurations = (
				57C66BF521CF2590004EC825 /* Debug */,
				57C66BF621CF2590004EC825 /* Release */,
			);
			defaultConfigurationIsVisible = 0;
			defaultConfigurationName = Release;
		};
		57C66C0521CF25A8004EC825 /* Build configuration list for PBXNativeTarget "NotificationService" */ = {
			isa = XCConfigurationList;
			buildConfigurations = (
				57C66C0621CF25A8004EC825 /* Debug */,
				57C66C0721CF25A8004EC825 /* Release */,
			);
			defaultConfigurationIsVisible = 0;
			defaultConfigurationName = Release;
		};
		EA2B77EA2209A9DF00610ED7 /* Build configuration list for PBXNativeTarget "Widget" */ = {
			isa = XCConfigurationList;
			buildConfigurations = (
				EA2B77E82209A9DF00610ED7 /* Debug */,
				EA2B77E92209A9DF00610ED7 /* Release */,
			);
			defaultConfigurationIsVisible = 0;
			defaultConfigurationName = Release;
		};
/* End XCConfigurationList section */
	};
	rootObject = 577666862130C6E300C25E00 /* Project object */;
}
